
Microsoft Visual Studio Solution File, Format Version 12.00
# Visual Studio 15
Project("{FAE04EC0-301F-11D3-BF4B-00C04F79EFBC}") = "studio2", "studio2\studio2.csproj", "{4B0C77A5-2DE4-49CF-9F1A-E2791AE547C2}"
EndProject
Global
	GlobalSection(SolutionConfigurationPlatforms) = preSolution
		Debug|Any CPU = Debug|Any CPU
		Release|Any CPU = Release|Any CPU
	EndGlobalSection
	GlobalSection(ProjectConfigurationPlatforms) = postSolution
		{4B0C77A5-2DE4-49CF-9F1A-E2791AE547C2}.Debug|Any CPU.ActiveCfg = Debug|Any CPU
		{4B0C77A5-2DE4-49CF-9F1A-E2791AE547C2}.Debug|Any CPU.Build.0 = Debug|Any CPU
		{4B0C77A5-2DE4-49CF-9F1A-E2791AE547C2}.Release|Any CPU.ActiveCfg = Release|Any CPU
		{4B0C77A5-2DE4-49CF-9F1A-E2791AE547C2}.Release|Any CPU.Build.0 = Release|Any CPU
	EndGlobalSection
EndGlobal
